
Microsoft Visual Studio Solution File, Format Version 12.00
# Visual Studio 15
VisualStudioVersion = 15.0.26730.12
MinimumVisualStudioVersion = 10.0.40219.1
Project("{FAE04EC0-301F-11D3-BF4B-00C04F79EFBC}") = "cFeed", "CRR\cFeed.csproj", "{C517A101-2396-4F0E-8F75-3752DF56A830}"
EndProject
Project("{2150E333-8FDC-42A3-9474-1A3956D46DE8}") = "Solution Items", "Solution Items", "{72826855-5755-4471-8748-D58D8B9DB99F}"
	ProjectSection(SolutionItems) = preProject
		cfeed.ico = cfeed.ico
		License.txt = License.txt
		README.md = README.md
		screenshot1.png = screenshot1.png
	EndProjectSection
EndProject
Project("{FAE04EC0-301F-11D3-BF4B-00C04F79EFBC}") = "CGui", "..\..\..\..\Source\Repos\CGui4Net\CGui\CGui.csproj", "{7579FB0B-6900-4C21-8660-EDD8F99943A7}"
EndProject
Global
	GlobalSection(SolutionConfigurationPlatforms) = preSolution
		Debug|Any CPU = Debug|Any CPU
		Debug|x86 = Debug|x86
		Debug-local|Any CPU = Debug-local|Any CPU
		Debug-local|x86 = Debug-local|x86
		Release|Any CPU = Release|Any CPU
		Release|x86 = Release|x86
		Testing|Any CPU = Testing|Any CPU
		Testing|x86 = Testing|x86
	EndGlobalSection
	GlobalSection(ProjectConfigurationPlatforms) = postSolution
		{C517A101-2396-4F0E-8F75-3752DF56A830}.Debug|Any CPU.ActiveCfg = Debug|Any CPU
		{C517A101-2396-4F0E-8F75-3752DF56A830}.Debug|Any CPU.Build.0 = Debug|Any CPU
		{C517A101-2396-4F0E-8F75-3752DF56A830}.Debug|x86.ActiveCfg = Debug|Any CPU
		{C517A101-2396-4F0E-8F75-3752DF56A830}.Debug|x86.Build.0 = Debug|Any CPU
		{C517A101-2396-4F0E-8F75-3752DF56A830}.Debug-local|Any CPU.ActiveCfg = Debug-local|Any CPU
		{C517A101-2396-4F0E-8F75-3752DF56A830}.Debug-local|Any CPU.Build.0 = Debug-local|Any CPU
		{C517A101-2396-4F0E-8F75-3752DF56A830}.Debug-local|x86.ActiveCfg = Debug-local|Any CPU
		{C517A101-2396-4F0E-8F75-3752DF56A830}.Debug-local|x86.Build.0 = Debug-local|Any CPU
		{C517A101-2396-4F0E-8F75-3752DF56A830}.Release|Any CPU.ActiveCfg = Release|Any CPU
		{C517A101-2396-4F0E-8F75-3752DF56A830}.Release|Any CPU.Build.0 = Release|Any CPU
		{C517A101-2396-4F0E-8F75-3752DF56A830}.Release|x86.ActiveCfg = Release|Any CPU
		{C517A101-2396-4F0E-8F75-3752DF56A830}.Release|x86.Build.0 = Release|Any CPU
		{C517A101-2396-4F0E-8F75-3752DF56A830}.Testing|Any CPU.ActiveCfg = Release|Any CPU
		{C517A101-2396-4F0E-8F75-3752DF56A830}.Testing|Any CPU.Build.0 = Release|Any CPU
		{C517A101-2396-4F0E-8F75-3752DF56A830}.Testing|x86.ActiveCfg = Release|Any CPU
		{C517A101-2396-4F0E-8F75-3752DF56A830}.Testing|x86.Build.0 = Release|Any CPU
		{7579FB0B-6900-4C21-8660-EDD8F99943A7}.Debug|Any CPU.ActiveCfg = Debug|Any CPU
		{7579FB0B-6900-4C21-8660-EDD8F99943A7}.Debug|Any CPU.Build.0 = Debug|Any CPU
		{7579FB0B-6900-4C21-8660-EDD8F99943A7}.Debug|x86.ActiveCfg = Debug|Any CPU
		{7579FB0B-6900-4C21-8660-EDD8F99943A7}.Debug|x86.Build.0 = Debug|Any CPU
		{7579FB0B-6900-4C21-8660-EDD8F99943A7}.Debug-local|Any CPU.ActiveCfg = Debug-local|Any CPU
		{7579FB0B-6900-4C21-8660-EDD8F99943A7}.Debug-local|Any CPU.Build.0 = Debug-local|Any CPU
		{7579FB0B-6900-4C21-8660-EDD8F99943A7}.Debug-local|x86.ActiveCfg = Debug-local|Any CPU
		{7579FB0B-6900-4C21-8660-EDD8F99943A7}.Debug-local|x86.Build.0 = Debug-local|Any CPU
		{7579FB0B-6900-4C21-8660-EDD8F99943A7}.Release|Any CPU.ActiveCfg = Release|Any CPU
		{7579FB0B-6900-4C21-8660-EDD8F99943A7}.Release|Any CPU.Build.0 = Release|Any CPU
		{7579FB0B-6900-4C21-8660-EDD8F99943A7}.Release|x86.ActiveCfg = Release|Any CPU
		{7579FB0B-6900-4C21-8660-EDD8F99943A7}.Release|x86.Build.0 = Release|Any CPU
		{7579FB0B-6900-4C21-8660-EDD8F99943A7}.Testing|Any CPU.ActiveCfg = Debug-local|Any CPU
		{7579FB0B-6900-4C21-8660-EDD8F99943A7}.Testing|Any CPU.Build.0 = Debug-local|Any CPU
		{7579FB0B-6900-4C21-8660-EDD8F99943A7}.Testing|x86.ActiveCfg = Debug-local|Any CPU
		{7579FB0B-6900-4C21-8660-EDD8F99943A7}.Testing|x86.Build.0 = Debug-local|Any CPU
	EndGlobalSection
	GlobalSection(SolutionProperties) = preSolution
		HideSolutionNode = FALSE
	EndGlobalSection
	GlobalSection(ExtensibilityGlobals) = postSolution
		SolutionGuid = {83EF5710-98AA-4139-B2EA-12F58E07D268}
	EndGlobalSection
	GlobalSection(Performance) = preSolution
		HasPerformanceSessions = true
	EndGlobalSection
	GlobalSection(Performance) = preSolution
		HasPerformanceSessions = true
	EndGlobalSection
	GlobalSection(Performance) = preSolution
		HasPerformanceSessions = true
	EndGlobalSection
	GlobalSection(Performance) = preSolution
		HasPerformanceSessions = true
	EndGlobalSection
	GlobalSection(Performance) = preSolution
		HasPerformanceSessions = true
	EndGlobalSection
	GlobalSection(Performance) = preSolution
		HasPerformanceSessions = true
	EndGlobalSection
	GlobalSection(Performance) = preSolution
		HasPerformanceSessions = true
	EndGlobalSection
	GlobalSection(Performance) = preSolution
		HasPerformanceSessions = true
	EndGlobalSection
	GlobalSection(Performance) = preSolution
		HasPerformanceSessions = true
	EndGlobalSection
	GlobalSection(Performance) = preSolution
		HasPerformanceSessions = true
	EndGlobalSection
	GlobalSection(Performance) = preSolution
		HasPerformanceSessions = true
	EndGlobalSection
	GlobalSection(Performance) = preSolution
		HasPerformanceSessions = true
	EndGlobalSection
EndGlobal
