
Microsoft Visual Studio Solution File, Format Version 12.00
# Visual Studio 15
VisualStudioVersion = 15.0.28307.136
MinimumVisualStudioVersion = 10.0.40219.1
Project("{FAE04EC0-301F-11D3-BF4B-00C04F79EFBC}") = "cFeed-debug", "CRR\cFeed-debug.csproj", "{C517A101-2396-4F0E-8F75-3752DF56A830}"
EndProject
Project("{FAE04EC0-301F-11D3-BF4B-00C04F79EFBC}") = "CGui-debug", "..\CGui4Net\CGui\CGui-debug.csproj", "{7579FB0B-6900-4C21-8660-EDD8F99943A7}"
EndProject
Global
	GlobalSection(SolutionConfigurationPlatforms) = preSolution
		Debug|Any CPU = Debug|Any CPU
		Debug-local|Any CPU = Debug-local|Any CPU
		Release|Any CPU = Release|Any CPU
	EndGlobalSection
	GlobalSection(ProjectConfigurationPlatforms) = postSolution
		{C517A101-2396-4F0E-8F75-3752DF56A830}.Debug|Any CPU.ActiveCfg = Debug|Any CPU
		{C517A101-2396-4F0E-8F75-3752DF56A830}.Debug|Any CPU.Build.0 = Debug|Any CPU
		{C517A101-2396-4F0E-8F75-3752DF56A830}.Debug-local|Any CPU.ActiveCfg = Debug-local|Any CPU
		{C517A101-2396-4F0E-8F75-3752DF56A830}.Debug-local|Any CPU.Build.0 = Debug-local|Any CPU
		{C517A101-2396-4F0E-8F75-3752DF56A830}.Release|Any CPU.ActiveCfg = Release|Any CPU
		{C517A101-2396-4F0E-8F75-3752DF56A830}.Release|Any CPU.Build.0 = Release|Any CPU
		{7579FB0B-6900-4C21-8660-EDD8F99943A7}.Debug|Any CPU.ActiveCfg = Debug|Any CPU
		{7579FB0B-6900-4C21-8660-EDD8F99943A7}.Debug|Any CPU.Build.0 = Debug|Any CPU
		{7579FB0B-6900-4C21-8660-EDD8F99943A7}.Debug-local|Any CPU.ActiveCfg = Debug-local|Any CPU
		{7579FB0B-6900-4C21-8660-EDD8F99943A7}.Debug-local|Any CPU.Build.0 = Debug-local|Any CPU
		{7579FB0B-6900-4C21-8660-EDD8F99943A7}.Release|Any CPU.ActiveCfg = Release|Any CPU
		{7579FB0B-6900-4C21-8660-EDD8F99943A7}.Release|Any CPU.Build.0 = Release|Any CPU
	EndGlobalSection
	GlobalSection(SolutionProperties) = preSolution
		HideSolutionNode = FALSE
	EndGlobalSection
	GlobalSection(ExtensibilityGlobals) = postSolution
		SolutionGuid = {F7A867A2-8A18-472B-ABD1-590E760C4A2E}
	EndGlobalSection
EndGlobal
